
Microsoft Visual Studio Solution File, Format Version 12.00
# Visual Studio Version 16
VisualStudioVersion = 16.0.31410.357
MinimumVisualStudioVersion = 10.0.40219.1
Project("{9A19103F-16F7-4668-BE54-9A1E7A4F7556}") = "01_Cadastrador", "Cadastrador\01_Cadastrador.csproj", "{FC3C5276-065A-4684-901F-5C9D2DEF3406}"
EndProject
Project("{9A19103F-16F7-4668-BE54-9A1E7A4F7556}") = "00_Compartilhado", "Compartilhado\00_Compartilhado.csproj", "{02AD883F-B46D-42D8-BCF8-538DCD0FF422}"
EndProject
Project("{9A19103F-16F7-4668-BE54-9A1E7A4F7556}") = "02_Coletor", "Coletor\02_Coletor.csproj", "{A2F69CBD-5E7E-4A29-B68C-3EEF61D24CFC}"
EndProject
Project("{9A19103F-16F7-4668-BE54-9A1E7A4F7556}") = "03_Reservador", "Reservador\03_Reservador.csproj", "{A524E9D8-12A7-48E2-A49B-97ECAC6DE984}"
EndProject
Project("{9A19103F-16F7-4668-BE54-9A1E7A4F7556}") = "04_Pagador", "Pagador\04_Pagador.csproj", "{28265F42-2216-4AD1-88C0-F56A757BE771}"
EndProject
Project("{9A19103F-16F7-4668-BE54-9A1E7A4F7556}") = "05_Faturador", "Faturador\05_Faturador.csproj", "{3F70D857-A264-409F-BCEE-BFE060A441BB}"
EndProject
Project("{9A19103F-16F7-4668-BE54-9A1E7A4F7556}") = "06_Notificador", "Notificador\06_Notificador.csproj", "{62EE3E7D-1B6D-497A-B5CA-1E0751C8D629}"
EndProject
Global
	GlobalSection(SolutionConfigurationPlatforms) = preSolution
		Debug|Any CPU = Debug|Any CPU
		Release|Any CPU = Release|Any CPU
	EndGlobalSection
	GlobalSection(ProjectConfigurationPlatforms) = postSolution
		{FC3C5276-065A-4684-901F-5C9D2DEF3406}.Debug|Any CPU.ActiveCfg = Debug|Any CPU
		{FC3C5276-065A-4684-901F-5C9D2DEF3406}.Debug|Any CPU.Build.0 = Debug|Any CPU
		{FC3C5276-065A-4684-901F-5C9D2DEF3406}.Release|Any CPU.ActiveCfg = Release|Any CPU
		{FC3C5276-065A-4684-901F-5C9D2DEF3406}.Release|Any CPU.Build.0 = Release|Any CPU
		{02AD883F-B46D-42D8-BCF8-538DCD0FF422}.Debug|Any CPU.ActiveCfg = Debug|Any CPU
		{02AD883F-B46D-42D8-BCF8-538DCD0FF422}.Debug|Any CPU.Build.0 = Debug|Any CPU
		{02AD883F-B46D-42D8-BCF8-538DCD0FF422}.Release|Any CPU.ActiveCfg = Release|Any CPU
		{02AD883F-B46D-42D8-BCF8-538DCD0FF422}.Release|Any CPU.Build.0 = Release|Any CPU
		{A2F69CBD-5E7E-4A29-B68C-3EEF61D24CFC}.Debug|Any CPU.ActiveCfg = Debug|Any CPU
		{A2F69CBD-5E7E-4A29-B68C-3EEF61D24CFC}.Debug|Any CPU.Build.0 = Debug|Any CPU
		{A2F69CBD-5E7E-4A29-B68C-3EEF61D24CFC}.Release|Any CPU.ActiveCfg = Release|Any CPU
		{A2F69CBD-5E7E-4A29-B68C-3EEF61D24CFC}.Release|Any CPU.Build.0 = Release|Any CPU
		{A524E9D8-12A7-48E2-A49B-97ECAC6DE984}.Debug|Any CPU.ActiveCfg = Debug|Any CPU
		{A524E9D8-12A7-48E2-A49B-97ECAC6DE984}.Debug|Any CPU.Build.0 = Debug|Any CPU
		{A524E9D8-12A7-48E2-A49B-97ECAC6DE984}.Release|Any CPU.ActiveCfg = Release|Any CPU
		{A524E9D8-12A7-48E2-A49B-97ECAC6DE984}.Release|Any CPU.Build.0 = Release|Any CPU
		{28265F42-2216-4AD1-88C0-F56A757BE771}.Debug|Any CPU.ActiveCfg = Debug|Any CPU
		{28265F42-2216-4AD1-88C0-F56A757BE771}.Debug|Any CPU.Build.0 = Debug|Any CPU
		{28265F42-2216-4AD1-88C0-F56A757BE771}.Release|Any CPU.ActiveCfg = Release|Any CPU
		{28265F42-2216-4AD1-88C0-F56A757BE771}.Release|Any CPU.Build.0 = Release|Any CPU
		{3F70D857-A264-409F-BCEE-BFE060A441BB}.Debug|Any CPU.ActiveCfg = Debug|Any CPU
		{3F70D857-A264-409F-BCEE-BFE060A441BB}.Debug|Any CPU.Build.0 = Debug|Any CPU
		{3F70D857-A264-409F-BCEE-BFE060A441BB}.Release|Any CPU.ActiveCfg = Release|Any CPU
		{3F70D857-A264-409F-BCEE-BFE060A441BB}.Release|Any CPU.Build.0 = Release|Any CPU
		{62EE3E7D-1B6D-497A-B5CA-1E0751C8D629}.Debug|Any CPU.ActiveCfg = Debug|Any CPU
		{62EE3E7D-1B6D-497A-B5CA-1E0751C8D629}.Debug|Any CPU.Build.0 = Debug|Any CPU
		{62EE3E7D-1B6D-497A-B5CA-1E0751C8D629}.Release|Any CPU.ActiveCfg = Release|Any CPU
		{62EE3E7D-1B6D-497A-B5CA-1E0751C8D629}.Release|Any CPU.Build.0 = Release|Any CPU
	EndGlobalSection
	GlobalSection(SolutionProperties) = preSolution
		HideSolutionNode = FALSE
	EndGlobalSection
	GlobalSection(ExtensibilityGlobals) = postSolution
		SolutionGuid = {58C7E96D-0E23-48B8-9D35-16EEE5B3DAE0}
	EndGlobalSection
EndGlobal
